// !$*UTF8*$!
{
	archiveVersion = 1;
	classes = {
	};
	objectVersion = 56;
	objects = {

/* Begin PBXBuildFile section */
		2A0E9A9D28C1CAA30016DB22 /* LiveActivitiesTestiOSApp.swift in Sources */ = {isa = PBXBuildFile; fileRef = 2A0E9A9C28C1CAA30016DB22 /* LiveActivitiesTestiOSApp.swift */; };
		2A0E9A9F28C1CAA30016DB22 /* ContentView.swift in Sources */ = {isa = PBXBuildFile; fileRef = 2A0E9A9E28C1CAA30016DB22 /* ContentView.swift */; };
		2A0E9AA128C1CAA40016DB22 /* Assets.xcassets in Resources */ = {isa = PBXBuildFile; fileRef = 2A0E9AA028C1CAA40016DB22 /* Assets.xcassets */; };
		2A0E9AA428C1CAA40016DB22 /* Preview Assets.xcassets in Resources */ = {isa = PBXBuildFile; fileRef = 2A0E9AA328C1CAA40016DB22 /* Preview Assets.xcassets */; };
		2A0E9AB228C1CB3F0016DB22 /* WidgetKit.framework in Frameworks */ = {isa = PBXBuildFile; fileRef = 2A0E9AB128C1CB3F0016DB22 /* WidgetKit.framework */; };
		2A0E9AB428C1CB3F0016DB22 /* SwiftUI.framework in Frameworks */ = {isa = PBXBuildFile; fileRef = 2A0E9AB328C1CB3F0016DB22 /* SwiftUI.framework */; };
		2A0E9AB728C1CB3F0016DB22 /* LiveActivitiesTestWidget.swift in Sources */ = {isa = PBXBuildFile; fileRef = 2A0E9AB628C1CB3F0016DB22 /* LiveActivitiesTestWidget.swift */; };
		2A0E9ABA28C1CB410016DB22 /* Assets.xcassets in Resources */ = {isa = PBXBuildFile; fileRef = 2A0E9AB928C1CB410016DB22 /* Assets.xcassets */; };
		2A0E9ABC28C1CB410016DB22 /* LiveActivitiesTestWidget.intentdefinition in Sources */ = {isa = PBXBuildFile; fileRef = 2A0E9AB828C1CB3F0016DB22 /* LiveActivitiesTestWidget.intentdefinition */; };
		2A0E9ABD28C1CB410016DB22 /* LiveActivitiesTestWidget.intentdefinition in Sources */ = {isa = PBXBuildFile; fileRef = 2A0E9AB828C1CB3F0016DB22 /* LiveActivitiesTestWidget.intentdefinition */; };
		2A0E9AC028C1CB410016DB22 /* LiveActivitiesTestWidgetExtension.appex in Embed Foundation Extensions */ = {isa = PBXBuildFile; fileRef = 2A0E9AAF28C1CB3F0016DB22 /* LiveActivitiesTestWidgetExtension.appex */; settings = {ATTRIBUTES = (RemoveHeadersOnCopy, ); }; };
		2A0E9ACB28C1E4420016DB22 /* TripAppAttributes.swift in Sources */ = {isa = PBXBuildFile; fileRef = 2A0E9ACA28C1E4420016DB22 /* TripAppAttributes.swift */; };
		2A0E9ACC28C1EA4E0016DB22 /* TripAppAttributes.swift in Sources */ = {isa = PBXBuildFile; fileRef = 2A0E9ACA28C1E4420016DB22 /* TripAppAttributes.swift */; };
/* End PBXBuildFile section */

/* Begin PBXContainerItemProxy section */
		2A0E9ABE28C1CB410016DB22 /* PBXContainerItemProxy */ = {
			isa = PBXContainerItemProxy;
			containerPortal = 2A0E9A9128C1CAA30016DB22 /* Project object */;
			proxyType = 1;
			remoteGlobalIDString = 2A0E9AAE28C1CB3F0016DB22;
			remoteInfo = LiveActivitiesTestWidgetExtension;
		};
/* End PBXContainerItemProxy section */

/* Begin PBXCopyFilesBuildPhase section */
		2A0E9AC428C1CB410016DB22 /* Embed Foundation Extensions */ = {
			isa = PBXCopyFilesBuildPhase;
			buildActionMask = 2147483647;
			dstPath = "";
			dstSubfolderSpec = 13;
			files = (
				2A0E9AC028C1CB410016DB22 /* LiveActivitiesTestWidgetExtension.appex in Embed Foundation Extensions */,
			);
			name = "Embed Foundation Extensions";
			runOnlyForDeploymentPostprocessing = 0;
		};
/* End PBXCopyFilesBuildPhase section */

/* Begin PBXFileReference section */
		2A0E9A9928C1CAA30016DB22 /* LiveActivitiesTestiOS.app */ = {isa = PBXFileReference; explicitFileType = wrapper.application; includeInIndex = 0; path = LiveActivitiesTestiOS.app; sourceTree = BUILT_PRODUCTS_DIR; };
		2A0E9A9C28C1CAA30016DB22 /* LiveActivitiesTestiOSApp.swift */ = {isa = PBXFileReference; lastKnownFileType = sourcecode.swift; path = LiveActivitiesTestiOSApp.swift; sourceTree = "<group>"; };
		2A0E9A9E28C1CAA30016DB22 /* ContentView.swift */ = {isa = PBXFileReference; lastKnownFileType = sourcecode.swift; path = ContentView.swift; sourceTree = "<group>"; };
		2A0E9AA028C1CAA40016DB22 /* Assets.xcassets */ = {isa = PBXFileReference; lastKnownFileType = folder.assetcatalog; path = Assets.xcassets; sourceTree = "<group>"; };
		2A0E9AA328C1CAA40016DB22 /* Preview Assets.xcassets */ = {isa = PBXFileReference; lastKnownFileType = folder.assetcatalog; path = "Preview Assets.xcassets"; sourceTree = "<group>"; };
		2A0E9AAA28C1CB250016DB22 /* Info.plist */ = {isa = PBXFileReference; lastKnownFileType = text.plist; path = Info.plist; sourceTree = "<group>"; };
		2A0E9AAF28C1CB3F0016DB22 /* LiveActivitiesTestWidgetExtension.appex */ = {isa = PBXFileReference; explicitFileType = "wrapper.app-extension"; includeInIndex = 0; path = LiveActivitiesTestWidgetExtension.appex; sourceTree = BUILT_PRODUCTS_DIR; };
		2A0E9AB128C1CB3F0016DB22 /* WidgetKit.framework */ = {isa = PBXFileReference; lastKnownFileType = wrapper.framework; name = WidgetKit.framework; path = System/Library/Frameworks/WidgetKit.framework; sourceTree = SDKROOT; };
		2A0E9AB328C1CB3F0016DB22 /* SwiftUI.framework */ = {isa = PBXFileReference; lastKnownFileType = wrapper.framework; name = SwiftUI.framework; path = System/Library/Frameworks/SwiftUI.framework; sourceTree = SDKROOT; };
		2A0E9AB628C1CB3F0016DB22 /* LiveActivitiesTestWidget.swift */ = {isa = PBXFileReference; lastKnownFileType = sourcecode.swift; path = LiveActivitiesTestWidget.swift; sourceTree = "<group>"; };
		2A0E9AB828C1CB3F0016DB22 /* LiveActivitiesTestWidget.intentdefinition */ = {isa = PBXFileReference; lastKnownFileType = file.intentdefinition; path = LiveActivitiesTestWidget.intentdefinition; sourceTree = "<group>"; };
		2A0E9AB928C1CB410016DB22 /* Assets.xcassets */ = {isa = PBXFileReference; lastKnownFileType = folder.assetcatalog; path = Assets.xcassets; sourceTree = "<group>"; };
		2A0E9ABB28C1CB410016DB22 /* Info.plist */ = {isa = PBXFileReference; lastKnownFileType = text.plist.xml; path = Info.plist; sourceTree = "<group>"; };
		2A0E9AC528C1D4470016DB22 /* LiveActivitiesTestiOS.entitlements */ = {isa = PBXFileReference; lastKnownFileType = text.plist.entitlements; path = LiveActivitiesTestiOS.entitlements; sourceTree = "<group>"; };
		2A0E9ACA28C1E4420016DB22 /* TripAppAttributes.swift */ = {isa = PBXFileReference; lastKnownFileType = sourcecode.swift; path = TripAppAttributes.swift; sourceTree = "<group>"; };
/* End PBXFileReference section */

/* Begin PBXFrameworksBuildPhase section */
		2A0E9A9628C1CAA30016DB22 /* Frameworks */ = {
			isa = PBXFrameworksBuildPhase;
			buildActionMask = 2147483647;
			files = (
			);
			runOnlyForDeploymentPostprocessing = 0;
		};
		2A0E9AAC28C1CB3F0016DB22 /* Frameworks */ = {
			isa = PBXFrameworksBuildPhase;
			buildActionMask = 2147483647;
			files = (
				2A0E9AB428C1CB3F0016DB22 /* SwiftUI.framework in Frameworks */,
				2A0E9AB228C1CB3F0016DB22 /* WidgetKit.framework in Frameworks */,
			);
			runOnlyForDeploymentPostprocessing = 0;
		};
/* End PBXFrameworksBuildPhase section */

/* Begin PBXGroup section */
		2A0E9A9028C1CAA30016DB22 = {
			isa = PBXGroup;
			children = (
				2A0E9A9B28C1CAA30016DB22 /* LiveActivitiesTestiOS */,
				2A0E9AB528C1CB3F0016DB22 /* LiveActivitiesTestWidget */,
				2A0E9AB028C1CB3F0016DB22 /* Frameworks */,
				2A0E9A9A28C1CAA30016DB22 /* Products */,
			);
			sourceTree = "<group>";
		};
		2A0E9A9A28C1CAA30016DB22 /* Products */ = {
			isa = PBXGroup;
			children = (
				2A0E9A9928C1CAA30016DB22 /* LiveActivitiesTestiOS.app */,
				2A0E9AAF28C1CB3F0016DB22 /* LiveActivitiesTestWidgetExtension.appex */,
			);
			name = Products;
			sourceTree = "<group>";
		};
		2A0E9A9B28C1CAA30016DB22 /* LiveActivitiesTestiOS */ = {
			isa = PBXGroup;
			children = (
				2A0E9AC528C1D4470016DB22 /* LiveActivitiesTestiOS.entitlements */,
				2A0E9AAA28C1CB250016DB22 /* Info.plist */,
				2A0E9A9C28C1CAA30016DB22 /* LiveActivitiesTestiOSApp.swift */,
				2A0E9AC928C1E42B0016DB22 /* Model */,
				2A0E9A9E28C1CAA30016DB22 /* ContentView.swift */,
				2A0E9AA028C1CAA40016DB22 /* Assets.xcassets */,
				2A0E9AA228C1CAA40016DB22 /* Preview Content */,
			);
			path = LiveActivitiesTestiOS;
			sourceTree = "<group>";
		};
		2A0E9AA228C1CAA40016DB22 /* Preview Content */ = {
			isa = PBXGroup;
			children = (
				2A0E9AA328C1CAA40016DB22 /* Preview Assets.xcassets */,
			);
			path = "Preview Content";
			sourceTree = "<group>";
		};
		2A0E9AB028C1CB3F0016DB22 /* Frameworks */ = {
			isa = PBXGroup;
			children = (
				2A0E9AB128C1CB3F0016DB22 /* WidgetKit.framework */,
				2A0E9AB328C1CB3F0016DB22 /* SwiftUI.framework */,
			);
			name = Frameworks;
			sourceTree = "<group>";
		};
		2A0E9AB528C1CB3F0016DB22 /* LiveActivitiesTestWidget */ = {
			isa = PBXGroup;
			children = (
				2A0E9AB628C1CB3F0016DB22 /* LiveActivitiesTestWidget.swift */,
				2A0E9AB828C1CB3F0016DB22 /* LiveActivitiesTestWidget.intentdefinition */,
				2A0E9AB928C1CB410016DB22 /* Assets.xcassets */,
				2A0E9ABB28C1CB410016DB22 /* Info.plist */,
			);
			path = LiveActivitiesTestWidget;
			sourceTree = "<group>";
		};
		2A0E9AC928C1E42B0016DB22 /* Model */ = {
			isa = PBXGroup;
			children = (
				2A0E9ACA28C1E4420016DB22 /* TripAppAttributes.swift */,
			);
			path = Model;
			sourceTree = "<group>";
		};
/* End PBXGroup section */

/* Begin PBXNativeTarget section */
		2A0E9A9828C1CAA30016DB22 /* LiveActivitiesTestiOS */ = {
			isa = PBXNativeTarget;
			buildConfigurationList = 2A0E9AA728C1CAA40016DB22 /* Build configuration list for PBXNativeTarget "LiveActivitiesTestiOS" */;
			buildPhases = (
				2A0E9A9528C1CAA30016DB22 /* Sources */,
				2A0E9A9628C1CAA30016DB22 /* Frameworks */,
				2A0E9A9728C1CAA30016DB22 /* Resources */,
				2A0E9AC428C1CB410016DB22 /* Embed Foundation Extensions */,
			);
			buildRules = (
			);
			dependencies = (
				2A0E9ABF28C1CB410016DB22 /* PBXTargetDependency */,
			);
			name = LiveActivitiesTestiOS;
			productName = LiveActivitiesTestiOS;
			productReference = 2A0E9A9928C1CAA30016DB22 /* LiveActivitiesTestiOS.app */;
			productType = "com.apple.product-type.application";
		};
		2A0E9AAE28C1CB3F0016DB22 /* LiveActivitiesTestWidgetExtension */ = {
			isa = PBXNativeTarget;
			buildConfigurationList = 2A0E9AC128C1CB410016DB22 /* Build configuration list for PBXNativeTarget "LiveActivitiesTestWidgetExtension" */;
			buildPhases = (
				2A0E9AAB28C1CB3F0016DB22 /* Sources */,
				2A0E9AAC28C1CB3F0016DB22 /* Frameworks */,
				2A0E9AAD28C1CB3F0016DB22 /* Resources */,
			);
			buildRules = (
			);
			dependencies = (
			);
			name = LiveActivitiesTestWidgetExtension;
			productName = LiveActivitiesTestWidgetExtension;
			productReference = 2A0E9AAF28C1CB3F0016DB22 /* LiveActivitiesTestWidgetExtension.appex */;
			productType = "com.apple.product-type.app-extension";
		};
/* End PBXNativeTarget section */

/* Begin PBXProject section */
		2A0E9A9128C1CAA30016DB22 /* Project object */ = {
			isa = PBXProject;
			attributes = {
				BuildIndependentTargetsInParallel = 1;
				LastSwiftUpdateCheck = 1400;
				LastUpgradeCheck = 1400;
				TargetAttributes = {
					2A0E9A9828C1CAA30016DB22 = {
						CreatedOnToolsVersion = 14.0;
					};
					2A0E9AAE28C1CB3F0016DB22 = {
						CreatedOnToolsVersion = 14.0;
					};
				};
			};
			buildConfigurationList = 2A0E9A9428C1CAA30016DB22 /* Build configuration list for PBXProject "LiveActivitiesTestiOS" */;
			compatibilityVersion = "Xcode 14.0";
			developmentRegion = en;
			hasScannedForEncodings = 0;
			knownRegions = (
				en,
				Base,
			);
			mainGroup = 2A0E9A9028C1CAA30016DB22;
			productRefGroup = 2A0E9A9A28C1CAA30016DB22 /* Products */;
			projectDirPath = "";
			projectRoot = "";
			targets = (
				2A0E9A9828C1CAA30016DB22 /* LiveActivitiesTestiOS */,
				2A0E9AAE28C1CB3F0016DB22 /* LiveActivitiesTestWidgetExtension */,
			);
		};
/* End PBXProject section */

/* Begin PBXResourcesBuildPhase section */
		2A0E9A9728C1CAA30016DB22 /* Resources */ = {
			isa = PBXResourcesBuildPhase;
			buildActionMask = 2147483647;
			files = (
				2A0E9AA428C1CAA40016DB22 /* Preview Assets.xcassets in Resources */,
				2A0E9AA128C1CAA40016DB22 /* Assets.xcassets in Resources */,
			);
			runOnlyForDeploymentPostprocessing = 0;
		};
		2A0E9AAD28C1CB3F0016DB22 /* Resources */ = {
			isa = PBXResourcesBuildPhase;
			buildActionMask = 2147483647;
			files = (
				2A0E9ABA28C1CB410016DB22 /* Assets.xcassets in Resources */,
			);
			runOnlyForDeploymentPostprocessing = 0;
		};
/* End PBXResourcesBuildPhase section */

/* Begin PBXSourcesBuildPhase section */
		2A0E9A9528C1CAA30016DB22 /* Sources */ = {
			isa = PBXSourcesBuildPhase;
			buildActionMask = 2147483647;
			files = (
				2A0E9A9F28C1CAA30016DB22 /* ContentView.swift in Sources */,
				2A0E9ACB28C1E4420016DB22 /* TripAppAttributes.swift in Sources */,
				2A0E9ABD28C1CB410016DB22 /* LiveActivitiesTestWidget.intentdefinition in Sources */,
				2A0E9A9D28C1CAA30016DB22 /* LiveActivitiesTestiOSApp.swift in Sources */,
			);
			runOnlyForDeploymentPostprocessing = 0;
		};
		2A0E9AAB28C1CB3F0016DB22 /* Sources */ = {
			isa = PBXSourcesBuildPhase;
			buildActionMask = 2147483647;
			files = (
				2A0E9AB728C1CB3F0016DB22 /* LiveActivitiesTestWidget.swift in Sources */,
				2A0E9ACC28C1EA4E0016DB22 /* TripAppAttributes.swift in Sources */,
				2A0E9ABC28C1CB410016DB22 /* LiveActivitiesTestWidget.intentdefinition in Sources */,
			);
			runOnlyForDeploymentPostprocessing = 0;
		};
/* End PBXSourcesBuildPhase section */

/* Begin PBXTargetDependency section */
		2A0E9ABF28C1CB410016DB22 /* PBXTargetDependency */ = {
			isa = PBXTargetDependency;
			target = 2A0E9AAE28C1CB3F0016DB22 /* LiveActivitiesTestWidgetExtension */;
			targetProxy = 2A0E9ABE28C1CB410016DB22 /* PBXContainerItemProxy */;
		};
/* End PBXTargetDependency section */

/* Begin XCBuildConfiguration section */
		2A0E9AA528C1CAA40016DB22 /* Debug */ = {
			isa = XCBuildConfiguration;
			buildSettings = {
				ALWAYS_SEARCH_USER_PATHS = NO;
				CLANG_ANALYZER_NONNULL = YES;
				CLANG_ANALYZER_NUMBER_OBJECT_CONVERSION = YES_AGGRESSIVE;
				CLANG_CXX_LANGUAGE_STANDARD = "gnu++20";
				CLANG_ENABLE_MODULES = YES;
				CLANG_ENABLE_OBJC_ARC = YES;
				CLANG_ENABLE_OBJC_WEAK = YES;
				CLANG_WARN_BLOCK_CAPTURE_AUTORELEASING = YES;
				CLANG_WARN_BOOL_CONVERSION = YES;
				CLANG_WARN_COMMA = YES;
				CLANG_WARN_CONSTANT_CONVERSION = YES;
				CLANG_WARN_DEPRECATED_OBJC_IMPLEMENTATIONS = YES;
				CLANG_WARN_DIRECT_OBJC_ISA_USAGE = YES_ERROR;
				CLANG_WARN_DOCUMENTATION_COMMENTS = YES;
				CLANG_WARN_EMPTY_BODY = YES;
				CLANG_WARN_ENUM_CONVERSION = YES;
				CLANG_WARN_INFINITE_RECURSION = YES;
				CLANG_WARN_INT_CONVERSION = YES;
				CLANG_WARN_NON_LITERAL_NULL_CONVERSION = YES;
				CLANG_WARN_OBJC_IMPLICIT_RETAIN_SELF = YES;
				CLANG_WARN_OBJC_LITERAL_CONVERSION = YES;
				CLANG_WARN_OBJC_ROOT_CLASS = YES_ERROR;
				CLANG_WARN_QUOTED_INCLUDE_IN_FRAMEWORK_HEADER = YES;
				CLANG_WARN_RANGE_LOOP_ANALYSIS = YES;
				CLANG_WARN_STRICT_PROTOTYPES = YES;
				CLANG_WARN_SUSPICIOUS_MOVE = YES;
				CLANG_WARN_UNGUARDED_AVAILABILITY = YES_AGGRESSIVE;
				CLANG_WARN_UNREACHABLE_CODE = YES;
				CLANG_WARN__DUPLICATE_METHOD_MATCH = YES;
				COPY_PHASE_STRIP = NO;
				DEBUG_INFORMATION_FORMAT = dwarf;
				ENABLE_STRICT_OBJC_MSGSEND = YES;
				ENABLE_TESTABILITY = YES;
				GCC_C_LANGUAGE_STANDARD = gnu11;
				GCC_DYNAMIC_NO_PIC = NO;
				GCC_NO_COMMON_BLOCKS = YES;
				GCC_OPTIMIZATION_LEVEL = 0;
				GCC_PREPROCESSOR_DEFINITIONS = (
					"DEBUG=1",
					"$(inherited)",
				);
				GCC_WARN_64_TO_32_BIT_CONVERSION = YES;
				GCC_WARN_ABOUT_RETURN_TYPE = YES_ERROR;
				GCC_WARN_UNDECLARED_SELECTOR = YES;
				GCC_WARN_UNINITIALIZED_AUTOS = YES_AGGRESSIVE;
				GCC_WARN_UNUSED_FUNCTION = YES;
				GCC_WARN_UNUSED_VARIABLE = YES;
				IPHONEOS_DEPLOYMENT_TARGET = 16.0;
				MTL_ENABLE_DEBUG_INFO = INCLUDE_SOURCE;
				MTL_FAST_MATH = YES;
				ONLY_ACTIVE_ARCH = YES;
				SDKROOT = iphoneos;
				SWIFT_ACTIVE_COMPILATION_CONDITIONS = DEBUG;
				SWIFT_OPTIMIZATION_LEVEL = "-Onone";
			};
			name = Debug;
		};
		2A0E9AA628C1CAA40016DB22 /* Release */ = {
			isa = XCBuildConfiguration;
			buildSettings = {
				ALWAYS_SEARCH_USER_PATHS = NO;
				CLANG_ANALYZER_NONNULL = YES;
				CLANG_ANALYZER_NUMBER_OBJECT_CONVERSION = YES_AGGRESSIVE;
				CLANG_CXX_LANGUAGE_STANDARD = "gnu++20";
				CLANG_ENABLE_MODULES = YES;
				CLANG_ENABLE_OBJC_ARC = YES;
				CLANG_ENABLE_OBJC_WEAK = YES;
				CLANG_WARN_BLOCK_CAPTURE_AUTORELEASING = YES;
				CLANG_WARN_BOOL_CONVERSION = YES;
				CLANG_WARN_COMMA = YES;
				CLANG_WARN_CONSTANT_CONVERSION = YES;
				CLANG_WARN_DEPRECATED_OBJC_IMPLEMENTATIONS = YES;
				CLANG_WARN_DIRECT_OBJC_ISA_USAGE = YES_ERROR;
				CLANG_WARN_DOCUMENTATION_COMMENTS = YES;
				CLANG_WARN_EMPTY_BODY = YES;
				CLANG_WARN_ENUM_CONVERSION = YES;
				CLANG_WARN_INFINITE_RECURSION = YES;
				CLANG_WARN_INT_CONVERSION = YES;
				CLANG_WARN_NON_LITERAL_NULL_CONVERSION = YES;
				CLANG_WARN_OBJC_IMPLICIT_RETAIN_SELF = YES;
				CLANG_WARN_OBJC_LITERAL_CONVERSION = YES;
				CLANG_WARN_OBJC_ROOT_CLASS = YES_ERROR;
				CLANG_WARN_QUOTED_INCLUDE_IN_FRAMEWORK_HEADER = YES;
				CLANG_WARN_RANGE_LOOP_ANALYSIS = YES;
				CLANG_WARN_STRICT_PROTOTYPES = YES;
				CLANG_WARN_SUSPICIOUS_MOVE = YES;
				CLANG_WARN_UNGUARDED_AVAILABILITY = YES_AGGRESSIVE;
				CLANG_WARN_UNREACHABLE_CODE = YES;
				CLANG_WARN__DUPLICATE_METHOD_MATCH = YES;
				COPY_PHASE_STRIP = NO;
				DEBUG_INFORMATION_FORMAT = "dwarf-with-dsym";
				ENABLE_NS_ASSERTIONS = NO;
				ENABLE_STRICT_OBJC_MSGSEND = YES;
				GCC_C_LANGUAGE_STANDARD = gnu11;
				GCC_NO_COMMON_BLOCKS = YES;
				GCC_WARN_64_TO_32_BIT_CONVERSION = YES;
				GCC_WARN_ABOUT_RETURN_TYPE = YES_ERROR;
				GCC_WARN_UNDECLARED_SELECTOR = YES;
				GCC_WARN_UNINITIALIZED_AUTOS = YES_AGGRESSIVE;
				GCC_WARN_UNUSED_FUNCTION = YES;
				GCC_WARN_UNUSED_VARIABLE = YES;
				IPHONEOS_DEPLOYMENT_TARGET = 16.0;
				MTL_ENABLE_DEBUG_INFO = NO;
				MTL_FAST_MATH = YES;
				SDKROOT = iphoneos;
				SWIFT_COMPILATION_MODE = wholemodule;
				SWIFT_OPTIMIZATION_LEVEL = "-O";
				VALIDATE_PRODUCT = YES;
			};
			name = Release;
		};
		2A0E9AA828C1CAA40016DB22 /* Debug */ = {
			isa = XCBuildConfiguration;
			buildSettings = {
				ALWAYS_EMBED_SWIFT_STANDARD_LIBRARIES = YES;
				ASSETCATALOG_COMPILER_APPICON_NAME = AppIcon;
				ASSETCATALOG_COMPILER_GLOBAL_ACCENT_COLOR_NAME = AccentColor;
				CODE_SIGN_ENTITLEMENTS = LiveActivitiesTestiOS/LiveActivitiesTestiOS.entitlements;
				CODE_SIGN_STYLE = Automatic;
				CURRENT_PROJECT_VERSION = 1;
				DEVELOPMENT_ASSET_PATHS = "\"LiveActivitiesTestiOS/Preview Content\"";
				DEVELOPMENT_TEAM = 9LFMJA3SC2;
				ENABLE_PREVIEWS = YES;
				GENERATE_INFOPLIST_FILE = YES;
				INFOPLIST_FILE = LiveActivitiesTestiOS/Info.plist;
				INFOPLIST_KEY_UIApplicationSceneManifest_Generation = YES;
				INFOPLIST_KEY_UIApplicationSupportsIndirectInputEvents = YES;
				INFOPLIST_KEY_UILaunchScreen_Generation = YES;
				INFOPLIST_KEY_UISupportedInterfaceOrientations_iPad = "UIInterfaceOrientationPortrait UIInterfaceOrientationPortraitUpsideDown UIInterfaceOrientationLandscapeLeft UIInterfaceOrientationLandscapeRight";
				INFOPLIST_KEY_UISupportedInterfaceOrientations_iPhone = "UIInterfaceOrientationPortrait UIInterfaceOrientationLandscapeLeft UIInterfaceOrientationLandscapeRight";
				IPHONEOS_DEPLOYMENT_TARGET = 16.1;
				LD_RUNPATH_SEARCH_PATHS = (
					"$(inherited)",
					"@executable_path/Frameworks",
				);
				MARKETING_VERSION = 1.0;
				PRODUCT_BUNDLE_IDENTIFIER = com.Demo.LiveActivitiesTestiOS;
				PRODUCT_NAME = "$(TARGET_NAME)";
				SWIFT_EMIT_LOC_STRINGS = YES;
				SWIFT_VERSION = 5.0;
				TARGETED_DEVICE_FAMILY = "1,2";
			};
			name = Debug;
		};
		2A0E9AA928C1CAA40016DB22 /* Release */ = {
			isa = XCBuildConfiguration;
			buildSettings = {
				ALWAYS_EMBED_SWIFT_STANDARD_LIBRARIES = YES;
				ASSETCATALOG_COMPILER_APPICON_NAME = AppIcon;
				ASSETCATALOG_COMPILER_GLOBAL_ACCENT_COLOR_NAME = AccentColor;
				CODE_SIGN_ENTITLEMENTS = LiveActivitiesTestiOS/LiveActivitiesTestiOS.entitlements;
				CODE_SIGN_STYLE = Automatic;
				CURRENT_PROJECT_VERSION = 1;
				DEVELOPMENT_ASSET_PATHS = "\"LiveActivitiesTestiOS/Preview Content\"";
				DEVELOPMENT_TEAM = 9LFMJA3SC2;
				ENABLE_PREVIEWS = YES;
				GENERATE_INFOPLIST_FILE = YES;
				INFOPLIST_FILE = LiveActivitiesTestiOS/Info.plist;
				INFOPLIST_KEY_UIApplicationSceneManifest_Generation = YES;
				INFOPLIST_KEY_UIApplicationSupportsIndirectInputEvents = YES;
				INFOPLIST_KEY_UILaunchScreen_Generation = YES;
				INFOPLIST_KEY_UISupportedInterfaceOrientations_iPad = "UIInterfaceOrientationPortrait UIInterfaceOrientationPortraitUpsideDown UIInterfaceOrientationLandscapeLeft UIInterfaceOrientationLandscapeRight";
				INFOPLIST_KEY_UISupportedInterfaceOrientations_iPhone = "UIInterfaceOrientationPortrait UIInterfaceOrientationLandscapeLeft UIInterfaceOrientationLandscapeRight";
				IPHONEOS_DEPLOYMENT_TARGET = 16.1;
				LD_RUNPATH_SEARCH_PATHS = (
					"$(inherited)",
					"@executable_path/Frameworks",
				);
				MARKETING_VERSION = 1.0;
				PRODUCT_BUNDLE_IDENTIFIER = com.Demo.LiveActivitiesTestiOS;
				PRODUCT_NAME = "$(TARGET_NAME)";
				SWIFT_EMIT_LOC_STRINGS = YES;
				SWIFT_VERSION = 5.0;
				TARGETED_DEVICE_FAMILY = "1,2";
			};
			name = Release;
		};
		2A0E9AC228C1CB410016DB22 /* Debug */ = {
			isa = XCBuildConfiguration;
			buildSettings = {
				ASSETCATALOG_COMPILER_GLOBAL_ACCENT_COLOR_NAME = AccentColor;
				ASSETCATALOG_COMPILER_WIDGET_BACKGROUND_COLOR_NAME = WidgetBackground;
				CODE_SIGN_STYLE = Automatic;
				CURRENT_PROJECT_VERSION = 1;
				DEVELOPMENT_TEAM = HDNSH9S354;
				GENERATE_INFOPLIST_FILE = YES;
				INFOPLIST_FILE = LiveActivitiesTestWidget/Info.plist;
				INFOPLIST_KEY_CFBundleDisplayName = LiveActivitiesTestWidget;
				INFOPLIST_KEY_NSHumanReadableCopyright = "";
				IPHONEOS_DEPLOYMENT_TARGET = 16.1;
				LD_RUNPATH_SEARCH_PATHS = (
					"$(inherited)",
					"@executable_path/Frameworks",
					"@executable_path/../../Frameworks",
				);
				MARKETING_VERSION = 1.0;
				PRODUCT_BUNDLE_IDENTIFIER = com.Demo.LiveActivitiesTestiOS.LiveActivitiesTestWidget;
				PRODUCT_NAME = "$(TARGET_NAME)";
				SKIP_INSTALL = YES;
				SWIFT_EMIT_LOC_STRINGS = YES;
				SWIFT_VERSION = 5.0;
				TARGETED_DEVICE_FAMILY = "1,2";
			};
			name = Debug;
		};
		2A0E9AC328C1CB410016DB22 /* Release */ = {
			isa = XCBuildConfiguration;
			buildSettings = {
				ASSETCATALOG_COMPILER_GLOBAL_ACCENT_COLOR_NAME = AccentColor;
				ASSETCATALOG_COMPILER_WIDGET_BACKGROUND_COLOR_NAME = WidgetBackground;
				CODE_SIGN_STYLE = Automatic;
				CURRENT_PROJECT_VERSION = 1;
				DEVELOPMENT_TEAM = HDNSH9S354;
				GENERATE_INFOPLIST_FILE = YES;
				INFOPLIST_FILE = LiveActivitiesTestWidget/Info.plist;
				INFOPLIST_KEY_CFBundleDisplayName = LiveActivitiesTestWidget;
				INFOPLIST_KEY_NSHumanReadableCopyright = "";
				IPHONEOS_DEPLOYMENT_TARGET = 16.1;
				LD_RUNPATH_SEARCH_PATHS = (
					"$(inherited)",
					"@executable_path/Frameworks",
					"@executable_path/../../Frameworks",
				);
				MARKETING_VERSION = 1.0;
				PRODUCT_BUNDLE_IDENTIFIER = com.Demo.LiveActivitiesTestiOS.LiveActivitiesTestWidget;
				PRODUCT_NAME = "$(TARGET_NAME)";
				SKIP_INSTALL = YES;
				SWIFT_EMIT_LOC_STRINGS = YES;
				SWIFT_VERSION = 5.0;
				TARGETED_DEVICE_FAMILY = "1,2";
			};
			name = Release;
		};
/* End XCBuildConfiguration section */

/* Begin XCConfigurationList section */
		2A0E9A9428C1CAA30016DB22 /* Build configuration list for PBXProject "LiveActivitiesTestiOS" */ = {
			isa = XCConfigurationList;
			buildConfigurations = (
				2A0E9AA528C1CAA40016DB22 /* Debug */,
				2A0E9AA628C1CAA40016DB22 /* Release */,
			);
			defaultConfigurationIsVisible = 0;
			defaultConfigurationName = Release;
		};
		2A0E9AA728C1CAA40016DB22 /* Build configuration list for PBXNativeTarget "LiveActivitiesTestiOS" */ = {
			isa = XCConfigurationList;
			buildConfigurations = (
				2A0E9AA828C1CAA40016DB22 /* Debug */,
				2A0E9AA928C1CAA40016DB22 /* Release */,
			);
			defaultConfigurationIsVisible = 0;
			defaultConfigurationName = Release;
		};
		2A0E9AC128C1CB410016DB22 /* Build configuration list for PBXNativeTarget "LiveActivitiesTestWidgetExtension" */ = {
			isa = XCConfigurationList;
			buildConfigurations = (
				2A0E9AC228C1CB410016DB22 /* Debug */,
				2A0E9AC328C1CB410016DB22 /* Release */,
			);
			defaultConfigurationIsVisible = 0;
			defaultConfigurationName = Release;
		};
/* End XCConfigurationList section */
	};
	rootObject = 2A0E9A9128C1CAA30016DB22 /* Project object */;
}
